# THIS IS AN AUTOGENERATED FILE. DO NOT EDIT THIS FILE DIRECTLY.
# yarn lockfile v1


"@babel/parser@^7.16.4":
  version "7.21.4"
  resolved "https://registry.npmjs.org/@babel/parser/-/parser-7.21.4.tgz"
  integrity sha512-alVJj7k7zIxqBZ7BTRhz0IqJFxW1VJbm6N8JbcYhQ186df9ZBPbZBmWSqAMXwHGsCJdYks7z/voa3ibiS5bCIw==

"@esbuild/darwin-x64@0.17.17":
  version "0.17.17"
  resolved "https://registry.npmjs.org/@esbuild/darwin-x64/-/darwin-x64-0.17.17.tgz"
  integrity sha512-4utIrsX9IykrqYaXR8ob9Ha2hAY2qLc6ohJ8c0CN1DR8yWeMrTgYFjgdeQ9LIoTOfLetXjuCu5TRPHT9yKYJVg==

"@formkit/core@1.0.0-beta.9-f64c966":
  version "1.0.0-beta.9-f64c966"
  resolved "https://registry.npmjs.org/@formkit/core/-/core-1.0.0-beta.9-f64c966.tgz"
  integrity sha512-EOUlP129AhGR6CgUIHlc1L9zkBfuHf3GGr/6s3m2r2CFlfgFEu3/cVeIUQtc75MpfLtfnLOk1cNW+z1vKfcOJQ==
  dependencies:
    "@formkit/utils" "1.0.0-beta.9-f64c966"

"@formkit/dev@1.0.0-beta.9-f64c966":
  version "1.0.0-beta.9-f64c966"
  resolved "https://registry.npmjs.org/@formkit/dev/-/dev-1.0.0-beta.9-f64c966.tgz"
  integrity sha512-Vpt6M7/xv4jo3grZpjTCk/Z8y27NEXgcmJZFm9Jwtt5rGaHefnY6GqQbj3JxN7q03PpRDYLPpivNQPgnNSkeKA==
  dependencies:
    "@formkit/core" "1.0.0-beta.9-f64c966"
    "@formkit/utils" "1.0.0-beta.9-f64c966"

"@formkit/i18n@1.0.0-beta.9-f64c966":
  version "1.0.0-beta.9-f64c966"
  resolved "https://registry.npmjs.org/@formkit/i18n/-/i18n-1.0.0-beta.9-f64c966.tgz"
  integrity sha512-K5QcKN9VCNVOk3WNhv9GsQzA3QKn/nu8/637qWOc6kvkxFVRpFsg9q9CX714Ctw+4B8emRo/+Wy00hQ3HBtj3w==
  dependencies:
    "@formkit/core" "1.0.0-beta.9-f64c966"
    "@formkit/utils" "1.0.0-beta.9-f64c966"
    "@formkit/validation" "1.0.0-beta.9-f64c966"

"@formkit/inputs@1.0.0-beta.9-f64c966":
  version "1.0.0-beta.9-f64c966"
  resolved "https://registry.npmjs.org/@formkit/inputs/-/inputs-1.0.0-beta.9-f64c966.tgz"
  integrity sha512-SK+dg6NHUPZ18hGHowxR8dzi4WiXye8byoqe5KP7bLZS/2BrJTzod69kDD/xzu5zeXWWJ/+ZU3XpDR/EsD45uw==
  dependencies:
    "@formkit/core" "1.0.0-beta.9-f64c966"

"@formkit/observer@1.0.0-beta.9-f64c966":
  version "1.0.0-beta.9-f64c966"
  resolved "https://registry.npmjs.org/@formkit/observer/-/observer-1.0.0-beta.9-f64c966.tgz"
  integrity sha512-XUFXPUiW35j63P0f6lDSLc5d07DIcqwQo+xhVdlKpR8Yyri5W8l6+rvKPpLyMJS3WJx/Gyr3QPSYawduXzfycw==
  dependencies:
    "@formkit/core" "1.0.0-beta.9-f64c966"
    "@formkit/utils" "1.0.0-beta.9-f64c966"

"@formkit/rules@1.0.0-beta.9-f64c966":
  version "1.0.0-beta.9-f64c966"
  resolved "https://registry.npmjs.org/@formkit/rules/-/rules-1.0.0-beta.9-f64c966.tgz"
  integrity sha512-UqLh6495obsuGe714QrzU+XDBaZiVQg1axHmw7Lh29CM1/zY0CTDS5h37NnLbpxW0cPwkvkdaCh0wrdDoBRLew==
  dependencies:
    "@formkit/core" "1.0.0-beta.9-f64c966"
    "@formkit/utils" "1.0.0-beta.9-f64c966"
    "@formkit/validation" "1.0.0-beta.9-f64c966"

"@formkit/themes@1.0.0-beta.9-f64c966":
  version "1.0.0-beta.9-f64c966"
  resolved "https://registry.npmjs.org/@formkit/themes/-/themes-1.0.0-beta.9-f64c966.tgz"
  integrity sha512-Iy/9KoNAZfB/MI6HUfsuxSg8+Ys2veuXoyJNr5AaNDRfzihrv3wIIv1nZuonXgQm3X7+mnfrSybBcXPtqnKU7Q==
  dependencies:
    "@formkit/core" "1.0.0-beta.9-f64c966"

"@formkit/utils@1.0.0-beta.9-f64c966":
  version "1.0.0-beta.9-f64c966"
  resolved "https://registry.npmjs.org/@formkit/utils/-/utils-1.0.0-beta.9-f64c966.tgz"
  integrity sha512-MPldWKsqmabj7LzMOlha0G6Fn+a6hShc7jyiF1j0P9rJdj9lYyk7t286co4CxqhQNgOpU0XOv7FZroq8k6clzQ==

"@formkit/validation@1.0.0-beta.9-f64c966":
  version "1.0.0-beta.9-f64c966"
  resolved "https://registry.npmjs.org/@formkit/validation/-/validation-1.0.0-beta.9-f64c966.tgz"
  integrity sha512-3B85PcwZ8zyeINn25CkppOizqfY2jrqDicD/aoG7Ox/Q4tMojTZZHE26Xxwvwuzbzw5qLdpqZTKPyML12p6Rgg==
  dependencies:
    "@formkit/core" "1.0.0-beta.9-f64c966"
    "@formkit/observer" "1.0.0-beta.9-f64c966"

"@formkit/vue@^1.0.0-beta.12":
  version "1.0.0-beta.9-f64c966"
  resolved "https://registry.npmjs.org/@formkit/vue/-/vue-1.0.0-beta.9-f64c966.tgz"
  integrity sha512-q3EJURxZ8vfbuoHOMetluVxDlVEMKfh6KlnlX7HxkSCA/LY8IyXdDv0POG0co6u+6RjiShdTW3uorX31FqZheg==
  dependencies:
    "@formkit/core" "1.0.0-beta.9-f64c966"
    "@formkit/dev" "1.0.0-beta.9-f64c966"
    "@formkit/i18n" "1.0.0-beta.9-f64c966"
    "@formkit/inputs" "1.0.0-beta.9-f64c966"
    "@formkit/observer" "1.0.0-beta.9-f64c966"
    "@formkit/rules" "1.0.0-beta.9-f64c966"
    "@formkit/themes" "1.0.0-beta.9-f64c966"
    "@formkit/utils" "1.0.0-beta.9-f64c966"
    "@formkit/validation" "1.0.0-beta.9-f64c966"

"@fortawesome/fontawesome-common-types@6.4.0":
  version "6.4.0"
  resolved "https://registry.npmjs.org/@fortawesome/fontawesome-common-types/-/fontawesome-common-types-6.4.0.tgz"
  integrity sha512-HNii132xfomg5QVZw0HwXXpN22s7VBHQBv9CeOu9tfJnhsWQNd2lmTNi8CSrnw5B+5YOmzu1UoPAyxaXsJ6RgQ==

"@fortawesome/fontawesome-svg-core@^6.2.1", "@fortawesome/fontawesome-svg-core@~1 || ~6":
  version "6.4.0"
  resolved "https://registry.npmjs.org/@fortawesome/fontawesome-svg-core/-/fontawesome-svg-core-6.4.0.tgz"
  integrity sha512-Bertv8xOiVELz5raB2FlXDPKt+m94MQ3JgDfsVbrqNpLU9+UE2E18GKjLKw+d3XbeYPqg1pzyQKGsrzbw+pPaw==
  dependencies:
    "@fortawesome/fontawesome-common-types" "6.4.0"

"@fortawesome/free-brands-svg-icons@^6.2.1":
  version "6.4.0"
  resolved "https://registry.npmjs.org/@fortawesome/free-brands-svg-icons/-/free-brands-svg-icons-6.4.0.tgz"
  integrity sha512-qvxTCo0FQ5k2N+VCXb/PZQ+QMhqRVM4OORiO6MXdG6bKolIojGU/srQ1ptvKk0JTbRgaJOfL2qMqGvBEZG7Z6g==
  dependencies:
    "@fortawesome/fontawesome-common-types" "6.4.0"

"@fortawesome/free-regular-svg-icons@^6.2.1":
  version "6.4.0"
  resolved "https://registry.npmjs.org/@fortawesome/free-regular-svg-icons/-/free-regular-svg-icons-6.4.0.tgz"
  integrity sha512-ZfycI7D0KWPZtf7wtMFnQxs8qjBXArRzczABuMQqecA/nXohquJ5J/RCR77PmY5qGWkxAZDxpnUFVXKwtY/jPw==
  dependencies:
    "@fortawesome/fontawesome-common-types" "6.4.0"

"@fortawesome/free-solid-svg-icons@^6.2.1":
  version "6.4.0"
  resolved "https://registry.npmjs.org/@fortawesome/free-solid-svg-icons/-/free-solid-svg-icons-6.4.0.tgz"
  integrity sha512-kutPeRGWm8V5dltFP1zGjQOEAzaLZj4StdQhWVZnfGFCvAPVvHh8qk5bRrU4KXnRRRNni5tKQI9PBAdI6MP8nQ==
  dependencies:
    "@fortawesome/fontawesome-common-types" "6.4.0"

"@fortawesome/vue-fontawesome@^3.0.2":
  version "3.0.3"
  resolved "https://registry.npmjs.org/@fortawesome/vue-fontawesome/-/vue-fontawesome-3.0.3.tgz"
  integrity sha512-KCPHi9QemVXGMrfuwf3nNnNo129resAIQWut9QTAMXmXqL2ErABC6ohd2yY5Ipq0CLWNbKHk8TMdTXL/Zf3ZhA==

"@imengyu/vue3-context-menu@^1.3.3":
  version "1.3.3"
  resolved "https://registry.npmjs.org/@imengyu/vue3-context-menu/-/vue3-context-menu-1.3.3.tgz"
  integrity sha512-FyST4cyjWMkU7Ays/D45g0UPL8HtR5jtIL8DbN+dYGgFgNEQoqCZuEwm50SEckVztks7dITROHhjWO/LZTP1jA==

"@vitejs/plugin-vue@^4.0.0":
  version "4.1.0"
  resolved "https://registry.npmjs.org/@vitejs/plugin-vue/-/plugin-vue-4.1.0.tgz"
  integrity sha512-++9JOAFdcXI3lyer9UKUV4rfoQ3T1RN8yDqoCLar86s0xQct5yblxAE+yWgRnU5/0FOlVCpTZpYSBV/bGWrSrQ==

"@vue/compiler-core@3.2.47":
  version "3.2.47"
  resolved "https://registry.npmjs.org/@vue/compiler-core/-/compiler-core-3.2.47.tgz"
  integrity sha512-p4D7FDnQb7+YJmO2iPEv0SQNeNzcbHdGByJDsT4lynf63AFkOTFN07HsiRSvjGo0QrxR/o3d0hUyNCUnBU2Tig==
  dependencies:
    "@babel/parser" "^7.16.4"
    "@vue/shared" "3.2.47"
    estree-walker "^2.0.2"
    source-map "^0.6.1"

"@vue/compiler-dom@3.2.47":
  version "3.2.47"
  resolved "https://registry.npmjs.org/@vue/compiler-dom/-/compiler-dom-3.2.47.tgz"
  integrity sha512-dBBnEHEPoftUiS03a4ggEig74J2YBZ2UIeyfpcRM2tavgMWo4bsEfgCGsu+uJIL/vax9S+JztH8NmQerUo7shQ==
  dependencies:
    "@vue/compiler-core" "3.2.47"
    "@vue/shared" "3.2.47"

"@vue/compiler-sfc@3.2.47":
  version "3.2.47"
  resolved "https://registry.npmjs.org/@vue/compiler-sfc/-/compiler-sfc-3.2.47.tgz"
  integrity sha512-rog05W+2IFfxjMcFw10tM9+f7i/+FFpZJJ5XHX72NP9eC2uRD+42M3pYcQqDXVYoj74kHMSEdQ/WmCjt8JFksQ==
  dependencies:
    "@babel/parser" "^7.16.4"
    "@vue/compiler-core" "3.2.47"
    "@vue/compiler-dom" "3.2.47"
    "@vue/compiler-ssr" "3.2.47"
    "@vue/reactivity-transform" "3.2.47"
    "@vue/shared" "3.2.47"
    estree-walker "^2.0.2"
    magic-string "^0.25.7"
    postcss "^8.1.10"
    source-map "^0.6.1"

"@vue/compiler-ssr@3.2.47":
  version "3.2.47"
  resolved "https://registry.npmjs.org/@vue/compiler-ssr/-/compiler-ssr-3.2.47.tgz"
  integrity sha512-wVXC+gszhulcMD8wpxMsqSOpvDZ6xKXSVWkf50Guf/S+28hTAXPDYRTbLQ3EDkOP5Xz/+SY37YiwDquKbJOgZw==
  dependencies:
    "@vue/compiler-dom" "3.2.47"
    "@vue/shared" "3.2.47"

"@vue/devtools-api@^6.4.5":
  version "6.4.5"
  resolved "https://registry.npmjs.org/@vue/devtools-api/-/devtools-api-6.4.5.tgz"
  integrity sha512-JD5fcdIuFxU4fQyXUu3w2KpAJHzTVdN+p4iOX2lMWSHMOoQdMAcpFLZzm9Z/2nmsoZ1a96QEhZ26e50xLBsgOQ==

"@vue/devtools-api@^6.5.0":
  version "6.5.0"
  resolved "https://registry.npmjs.org/@vue/devtools-api/-/devtools-api-6.5.0.tgz"
  integrity sha512-o9KfBeaBmCKl10usN4crU53fYtC1r7jJwdGKjPT24t348rHxgfpZ0xL3Xm/gLUYnc0oTp8LAmrxOeLyu6tbk2Q==

"@vue/reactivity-transform@3.2.47":
  version "3.2.47"
  resolved "https://registry.npmjs.org/@vue/reactivity-transform/-/reactivity-transform-3.2.47.tgz"
  integrity sha512-m8lGXw8rdnPVVIdIFhf0LeQ/ixyHkH5plYuS83yop5n7ggVJU+z5v0zecwEnX7fa7HNLBhh2qngJJkxpwEEmYA==
  dependencies:
    "@babel/parser" "^7.16.4"
    "@vue/compiler-core" "3.2.47"
    "@vue/shared" "3.2.47"
    estree-walker "^2.0.2"
    magic-string "^0.25.7"

"@vue/reactivity@3.2.47":
  version "3.2.47"
  resolved "https://registry.npmjs.org/@vue/reactivity/-/reactivity-3.2.47.tgz"
  integrity sha512-7khqQ/75oyyg+N/e+iwV6lpy1f5wq759NdlS1fpAhFXa8VeAIKGgk2E/C4VF59lx5b+Ezs5fpp/5WsRYXQiKxQ==
  dependencies:
    "@vue/shared" "3.2.47"

"@vue/runtime-core@3.2.47":
  version "3.2.47"
  resolved "https://registry.npmjs.org/@vue/runtime-core/-/runtime-core-3.2.47.tgz"
  integrity sha512-RZxbLQIRB/K0ev0K9FXhNbBzT32H9iRtYbaXb0ZIz2usLms/D55dJR2t6cIEUn6vyhS3ALNvNthI+Q95C+NOpA==
  dependencies:
    "@vue/reactivity" "3.2.47"
    "@vue/shared" "3.2.47"

"@vue/runtime-dom@3.2.47":
  version "3.2.47"
  resolved "https://registry.npmjs.org/@vue/runtime-dom/-/runtime-dom-3.2.47.tgz"
  integrity sha512-ArXrFTjS6TsDei4qwNvgrdmHtD930KgSKGhS5M+j8QxXrDJYLqYw4RRcDy1bz1m1wMmb6j+zGLifdVHtkXA7gA==
  dependencies:
    "@vue/runtime-core" "3.2.47"
    "@vue/shared" "3.2.47"
    csstype "^2.6.8"

"@vue/server-renderer@3.2.47":
  version "3.2.47"
  resolved "https://registry.npmjs.org/@vue/server-renderer/-/server-renderer-3.2.47.tgz"
  integrity sha512-dN9gc1i8EvmP9RCzvneONXsKfBRgqFeFZLurmHOveL7oH6HiFXJw5OGu294n1nHc/HMgTy6LulU/tv5/A7f/LA==
  dependencies:
    "@vue/compiler-ssr" "3.2.47"
    "@vue/shared" "3.2.47"

"@vue/shared@3.2.47":
  version "3.2.47"
  resolved "https://registry.npmjs.org/@vue/shared/-/shared-3.2.47.tgz"
  integrity sha512-BHGyyGN3Q97EZx0taMQ+OLNuZcW3d37ZEVmEAyeoA9ERdGvm9Irc/0Fua8SNyOtV1w6BS4q25wbMzJujO9HIfQ==

anymatch@~3.1.2:
  version "3.1.3"
  resolved "https://registry.npmjs.org/anymatch/-/anymatch-3.1.3.tgz"
  integrity sha512-KMReFUr0B4t+D+OBkjR3KYqvocp2XaSzO55UcB6mgQMd3KbcE+mWTyvVV7D/zsdEbNnV6acZUutkiHQXvTr1Rw==
  dependencies:
    normalize-path "^3.0.0"
    picomatch "^2.0.4"

binary-extensions@^2.0.0:
  version "2.2.0"
  resolved "https://registry.npmjs.org/binary-extensions/-/binary-extensions-2.2.0.tgz"
  integrity sha512-jDctJ/IVQbZoJykoeHbhXpOlNBqGNcwXJKJog42E5HDPUwQTSdjCHdihjj0DlnheQ7blbT6dHOafNAiS8ooQKA==

braces@~3.0.2:
  version "3.0.2"
  resolved "https://registry.npmjs.org/braces/-/braces-3.0.2.tgz"
  integrity sha512-b8um+L1RzM3WDSzvhm6gIz1yfTbBt6YTlcEKAvsmqCZZFw46z626lVj9j1yEPW33H5H+lBQpZMP1k8l+78Ha0A==
  dependencies:
    fill-range "^7.0.1"

"chokidar@>=3.0.0 <4.0.0":
  version "3.5.3"
  resolved "https://registry.npmjs.org/chokidar/-/chokidar-3.5.3.tgz"
  integrity sha512-Dr3sfKRP6oTcjf2JmUmFJfeVMvXBdegxB0iVQ5eb2V10uFJUCAS8OByZdVAyVb8xXNz3GjjTgj9kLWsZTqE6kw==
  dependencies:
    anymatch "~3.1.2"
    braces "~3.0.2"
    glob-parent "~5.1.2"
    is-binary-path "~2.1.0"
    is-glob "~4.0.1"
    normalize-path "~3.0.0"
    readdirp "~3.6.0"
  optionalDependencies:
    fsevents "~2.3.2"

connect-history-api-fallback@^1.6.0:
  version "1.6.0"
  resolved "https://registry.npmjs.org/connect-history-api-fallback/-/connect-history-api-fallback-1.6.0.tgz"
  integrity sha512-e54B99q/OUoH64zYYRf3HBP5z24G38h5D3qXu23JGRoigpX5Ss4r9ZnDk3g0Z8uQC2x2lPaJ+UlWBc1ZWBWdLg==

core-js@^3.6.5:
  version "3.26.1"
  resolved "https://registry.npmjs.org/core-js/-/core-js-3.26.1.tgz"
  integrity sha512-21491RRQVzUn0GGM9Z1Jrpr6PNPxPi+Za8OM9q4tksTSnlbXXGKK1nXNg/QvwFYettXvSX6zWKCtHHfjN4puyA==

csstype@^2.6.8:
  version "2.6.21"
  resolved "https://registry.npmjs.org/csstype/-/csstype-2.6.21.tgz"
  integrity sha512-Z1PhmomIfypOpoMjRQB70jfvy/wxT50qW08YXO5lMIJkrdq4yOTR+AW7FqutScmB9NkLwxo+jU+kZLbofZZq/w==

esbuild@^0.17.5:
  version "0.17.17"
  resolved "https://registry.npmjs.org/esbuild/-/esbuild-0.17.17.tgz"
  integrity sha512-/jUywtAymR8jR4qsa2RujlAF7Krpt5VWi72Q2yuLD4e/hvtNcFQ0I1j8m/bxq238pf3/0KO5yuXNpuLx8BE1KA==
  optionalDependencies:
    "@esbuild/android-arm" "0.17.17"
    "@esbuild/android-arm64" "0.17.17"
    "@esbuild/android-x64" "0.17.17"
    "@esbuild/darwin-arm64" "0.17.17"
    "@esbuild/darwin-x64" "0.17.17"
    "@esbuild/freebsd-arm64" "0.17.17"
    "@esbuild/freebsd-x64" "0.17.17"
    "@esbuild/linux-arm" "0.17.17"
    "@esbuild/linux-arm64" "0.17.17"
    "@esbuild/linux-ia32" "0.17.17"
    "@esbuild/linux-loong64" "0.17.17"
    "@esbuild/linux-mips64el" "0.17.17"
    "@esbuild/linux-ppc64" "0.17.17"
    "@esbuild/linux-riscv64" "0.17.17"
    "@esbuild/linux-s390x" "0.17.17"
    "@esbuild/linux-x64" "0.17.17"
    "@esbuild/netbsd-x64" "0.17.17"
    "@esbuild/openbsd-x64" "0.17.17"
    "@esbuild/sunos-x64" "0.17.17"
    "@esbuild/win32-arm64" "0.17.17"
    "@esbuild/win32-ia32" "0.17.17"
    "@esbuild/win32-x64" "0.17.17"

estree-walker@^2.0.2:
  version "2.0.2"
  resolved "https://registry.npmjs.org/estree-walker/-/estree-walker-2.0.2.tgz"
  integrity sha512-Rfkk/Mp/DL7JVje3u18FxFujQlTNR2q6QfMSMB7AvCBx91NGj/ba3kCfza0f6dVDbw7YlRf/nDrn7pQrCCyQ/w==

fill-range@^7.0.1:
  version "7.0.1"
  resolved "https://registry.npmjs.org/fill-range/-/fill-range-7.0.1.tgz"
  integrity sha512-qOo9F+dMUmC2Lcb4BbVvnKJxTPjCm+RRpe4gDuGrzkL7mEVl/djYSu2OdQ2Pa302N4oqkSg9ir6jaLWJ2USVpQ==
  dependencies:
    to-regex-range "^5.0.1"

fsevents@~2.3.2:
  version "2.3.2"
  resolved "https://registry.npmjs.org/fsevents/-/fsevents-2.3.2.tgz"
  integrity sha512-xiqMQR4xAeHTuB9uWm+fFRcIOgKBMiOBP+eXiyT7jsgVCq1bkVygt00oASowB7EdtpOHaaPgKt812P9ab+DDKA==

glob-parent@~5.1.2:
  version "5.1.2"
  resolved "https://registry.npmjs.org/glob-parent/-/glob-parent-5.1.2.tgz"
  integrity sha512-AOIgSQCepiJYwP3ARnGx+5VnTu2HBYdzbGP45eLw1vr3zB3vZLeyed1sC9hnbcOc9/SrMyM5RPQrkGz4aS9Zow==
  dependencies:
    is-glob "^4.0.1"

immutable@^4.0.0:
  version "4.3.0"
  resolved "https://registry.npmjs.org/immutable/-/immutable-4.3.0.tgz"
  integrity sha512-0AOCmOip+xgJwEVTQj1EfiDDOkPmuyllDuTuEX+DDXUgapLAsBIfkg3sxCYyCEA8mQqZrrxPUGjcOQ2JS3WLkg==

is-binary-path@~2.1.0:
  version "2.1.0"
  resolved "https://registry.npmjs.org/is-binary-path/-/is-binary-path-2.1.0.tgz"
  integrity sha512-ZMERYes6pDydyuGidse7OsHxtbI7WVeUEozgR/g7rd0xUimYNlvZRE/K2MgZTjWy725IfelLeVcEM97mmtRGXw==
  dependencies:
    binary-extensions "^2.0.0"

is-extglob@^2.1.1:
  version "2.1.1"
  resolved "https://registry.npmjs.org/is-extglob/-/is-extglob-2.1.1.tgz"
  integrity sha512-SbKbANkN603Vi4jEZv49LeVJMn4yGwsbzZworEoyEiutsN3nJYdbO36zfhGJ6QEDpOZIFkDtnq5JRxmvl3jsoQ==

is-glob@^4.0.1, is-glob@~4.0.1:
  version "4.0.3"
  resolved "https://registry.npmjs.org/is-glob/-/is-glob-4.0.3.tgz"
  integrity sha512-xelSayHH36ZgE7ZWhli7pW34hNbNl8Ojv5KVmkJD4hBdD3th8Tfk9vYasLM+mXWOZhFkgZfxhLSnrwRr4elSSg==
  dependencies:
    is-extglob "^2.1.1"

is-number@^7.0.0:
  version "7.0.0"
  resolved "https://registry.npmjs.org/is-number/-/is-number-7.0.0.tgz"
  integrity sha512-41Cifkg6e8TylSpdtTpeLVMqvSBEVzTttHvERD741+pnZ8ANv0004MRL43QKPDlK9cGvNp6NZWZUBlbGXYxxng==

magic-string@^0.25.7:
  version "0.25.9"
  resolved "https://registry.npmjs.org/magic-string/-/magic-string-0.25.9.tgz"
  integrity sha512-RmF0AsMzgt25qzqqLc1+MbHmhdx0ojF2Fvs4XnOqz2ZOBXzzkEwc/dJQZCYHAn7v1jbVOjAZfK8msRn4BxO4VQ==
  dependencies:
    sourcemap-codec "^1.4.8"

nanoid@^3.3.6:
  version "3.3.6"
  resolved "https://registry.npmjs.org/nanoid/-/nanoid-3.3.6.tgz"
  integrity sha512-BGcqMMJuToF7i1rt+2PWSNVnWIkGCU78jBG3RxO/bZlnZPK2Cmi2QaffxGO/2RvWi9sL+FAiRiXMgsyxQ1DIDA==

normalize-path@^3.0.0, normalize-path@~3.0.0:
  version "3.0.0"
  resolved "https://registry.npmjs.org/normalize-path/-/normalize-path-3.0.0.tgz"
  integrity sha512-6eZs5Ls3WtCisHWp9S2GUy8dqkpGi4BVSz3GaqiE6ezub0512ESztXUwUB6C6IKbQkY2Pnb/mD4WYojCRwcwLA==

picocolors@^1.0.0:
  version "1.0.0"
  resolved "https://registry.npmjs.org/picocolors/-/picocolors-1.0.0.tgz"
  integrity sha512-1fygroTLlHu66zi26VoTDv8yRgm0Fccecssto+MhsZ0D/DGW2sm8E8AjW7NU5VVTRt5GxbeZ5qBuJr+HyLYkjQ==

picomatch@^2.0.4, picomatch@^2.2.1:
  version "2.3.1"
  resolved "https://registry.npmjs.org/picomatch/-/picomatch-2.3.1.tgz"
  integrity sha512-JU3teHTNjmE2VCGFzuY8EXzCDVwEqB2a8fsIvwaStHhAWJEeVd1o1QD80CU6+ZdEXXSLbSsuLwJjkCBWqRQUVA==

pinia@^2.0.28:
  version "2.0.35"
  resolved "https://registry.npmjs.org/pinia/-/pinia-2.0.35.tgz"
  integrity sha512-P1IKKQWhxGXiiZ3atOaNI75bYlFUbRxtJdhPLX059Z7+b9Z04rnTZdSY8Aph1LA+/4QEMAYHsTQ638Wfe+6K5g==
  dependencies:
    "@vue/devtools-api" "^6.5.0"
    vue-demi "*"

postcss@^8.1.10, postcss@^8.4.23:
  version "8.4.24"
  resolved "https://registry.npmjs.org/postcss/-/postcss-8.4.24.tgz"
  integrity sha512-M0RzbcI0sO/XJNucsGjvWU9ERWxb/ytp1w6dKtxTKgixdtQDq4rmx/g8W1hnaheq9jgwL/oyEdH5Bc4WwJKMqg==
  dependencies:
    nanoid "^3.3.6"
    picocolors "^1.0.0"
    source-map-js "^1.0.2"

qrcode.vue@^3.0.0:
  version "3.4.0"
  resolved "https://registry.npmjs.org/qrcode.vue/-/qrcode.vue-3.4.0.tgz"
  integrity sha512-4XeImbv10Fin16Fl2DArCMhGyAdvIg2jb7vDT+hZiIAMg/6H6mz9nUZr/dR8jBcun5VzNzkiwKhiqOGbloinwA==

readdirp@~3.6.0:
  version "3.6.0"
  resolved "https://registry.npmjs.org/readdirp/-/readdirp-3.6.0.tgz"
  integrity sha512-hOS089on8RduqdbhvQ5Z37A0ESjsqz6qnRcffsMU3495FuTdqSm+7bhJ29JvIOsBDEEnan5DPu9t3To9VRlMzA==
  dependencies:
    picomatch "^2.2.1"

rollup@^3.21.0:
  version "3.24.0"
  resolved "https://registry.npmjs.org/rollup/-/rollup-3.24.0.tgz"
  integrity sha512-OgraHOIg2YpHQTjl0/ymWfFNBEyPucB7lmhXrQUh38qNOegxLapSPFs9sNr0qKR75awW41D93XafoR2QfhBdUQ==
  optionalDependencies:
    fsevents "~2.3.2"

sass@*, sass@^1.56.2:
  version "1.62.0"
  resolved "https://registry.npmjs.org/sass/-/sass-1.62.0.tgz"
  integrity sha512-Q4USplo4pLYgCi+XlipZCWUQz5pkg/ruSSgJ0WRDSb/+3z9tXUOkQ7QPYn4XrhZKYAK4HlpaQecRwKLJX6+DBg==
  dependencies:
    chokidar ">=3.0.0 <4.0.0"
    immutable "^4.0.0"
    source-map-js ">=0.6.2 <2.0.0"

source-map-js@^1.0.2, "source-map-js@>=0.6.2 <2.0.0":
  version "1.0.2"
  resolved "https://registry.npmjs.org/source-map-js/-/source-map-js-1.0.2.tgz"
  integrity sha512-R0XvVJ9WusLiqTCEiGCmICCMplcCkIwwR11mOSD9CR5u+IXYdiseeEuXCVAjS54zqwkLcPNnmU4OeJ6tUrWhDw==

source-map@^0.6.1:
  version "0.6.1"
  resolved "https://registry.npmjs.org/source-map/-/source-map-0.6.1.tgz"
  integrity sha512-UjgapumWlbMhkBgzT7Ykc5YXUT46F0iKu8SGXq0bcwP5dz/h0Plj6enJqjz1Zbq2l5WaqYnrVbwWOWMyF3F47g==

sourcemap-codec@^1.4.8:
  version "1.4.8"
  resolved "https://registry.npmjs.org/sourcemap-codec/-/sourcemap-codec-1.4.8.tgz"
  integrity sha512-9NykojV5Uih4lgo5So5dtw+f0JgJX30KCNI8gwhz2J9A15wD0Ml6tjHKwf6fTSa6fAdVBdZeNOs9eJ71qCk8vA==

to-regex-range@^5.0.1:
  version "5.0.1"
  resolved "https://registry.npmjs.org/to-regex-range/-/to-regex-range-5.0.1.tgz"
  integrity sha512-65P7iz6X5yEr1cwcgvQxbbIw7Uk3gOy5dIdtZ4rDveLqhrdJP+Li/Hx6tyK0NEb+2GCyneCMJiGqrADCSNk8sQ==
  dependencies:
    is-number "^7.0.0"

uuid@^9.0.0:
  version "9.0.0"
  resolved "https://registry.npmjs.org/uuid/-/uuid-9.0.0.tgz"
  integrity sha512-MXcSTerfPa4uqyzStbRoTgt5XIe3x5+42+q1sDuy3R5MDk66URdLMOZe5aPX/SQd+kuYAh0FdP/pO28IkQyTeg==

vite-plugin-rewrite-all@^1.0.1:
  version "1.0.1"
  resolved "https://registry.npmjs.org/vite-plugin-rewrite-all/-/vite-plugin-rewrite-all-1.0.1.tgz"
  integrity sha512-W0DAchC8ynuQH0lYLIu5/5+JGfYlUTRD8GGNtHFXRJX4FzzB9MajtqHBp26zq/ly9sDt5BqrfdT08rv3RbB0LQ==
  dependencies:
    connect-history-api-fallback "^1.6.0"

"vite@^2.0.0 || ^3.0.0 || ^4.0.0", vite@^4.0.0, vite@^4.3.9:
  version "4.3.9"
  resolved "https://registry.npmjs.org/vite/-/vite-4.3.9.tgz"
  integrity sha512-qsTNZjO9NoJNW7KnOrgYwczm0WctJ8m/yqYAMAK9Lxt4SoySUfS5S8ia9K7JHpa3KEeMfyF8LoJ3c5NeBJy6pg==
  dependencies:
    esbuild "^0.17.5"
    postcss "^8.4.23"
    rollup "^3.21.0"
  optionalDependencies:
    fsevents "~2.3.2"

vue-class-component@^7.1.0, vue-class-component@^7.2.3:
  version "7.2.6"
  resolved "https://registry.npmjs.org/vue-class-component/-/vue-class-component-7.2.6.tgz"
  integrity sha512-+eaQXVrAm/LldalI272PpDe3+i4mPis0ORiMYxF6Ae4hyuCh15W8Idet7wPUEs4N4YptgFHGys4UrgNQOMyO6w==

vue-demi@*:
  version "0.14.0"
  resolved "https://registry.npmjs.org/vue-demi/-/vue-demi-0.14.0.tgz"
  integrity sha512-gt58r2ogsNQeVoQ3EhoUAvUsH9xviydl0dWJj7dabBC/2L4uBId7ujtCwDRD0JhkGsV1i0CtfLAeyYKBht9oWg==

vue-property-decorator@^8.4.2:
  version "8.5.1"
  resolved "https://registry.npmjs.org/vue-property-decorator/-/vue-property-decorator-8.5.1.tgz"
  integrity sha512-O6OUN2OMsYTGPvgFtXeBU3jPnX5ffQ9V4I1WfxFQ6dqz6cOUbR3Usou7kgFpfiXDvV7dJQSFcJ5yUPgOtPPm1Q==
  dependencies:
    vue-class-component "^7.1.0"

vue-router@^4.1.6:
  version "4.1.6"
  resolved "https://registry.npmjs.org/vue-router/-/vue-router-4.1.6.tgz"
  integrity sha512-DYWYwsG6xNPmLq/FmZn8Ip+qrhFEzA14EI12MsMgVxvHFDYvlr4NXpVF5hrRH1wVcDP8fGi5F4rxuJSl8/r+EQ==
  dependencies:
    "@vue/devtools-api" "^6.4.5"

vue@*, vue@^2.0.0, "vue@^2.6.14 || ^3.2.0", vue@^3.0.0, "vue@^3.0.0-0 || ^2.6.0", vue@^3.0.0-beta.1, vue@^3.2.0, vue@^3.2.1, vue@^3.2.25, vue@^3.2.45, "vue@>= 3.0.0 < 4", vue@3.2.47:
  version "3.2.47"
  resolved "https://registry.npmjs.org/vue/-/vue-3.2.47.tgz"
  integrity sha512-60188y/9Dc9WVrAZeUVSDxRQOZ+z+y5nO2ts9jWXSTkMvayiWxCWOWtBQoYjLeccfXkiiPZWAHcV+WTPhkqJHQ==
  dependencies:
    "@vue/compiler-dom" "3.2.47"
    "@vue/compiler-sfc" "3.2.47"
    "@vue/runtime-dom" "3.2.47"
    "@vue/server-renderer" "3.2.47"
    "@vue/shared" "3.2.47"

vue3-observe-visibility@^0.1.2:
  version "0.1.2"
  resolved "https://registry.npmjs.org/vue3-observe-visibility/-/vue3-observe-visibility-0.1.2.tgz"
  integrity sha512-Uh/PQin+E2aH2YsMxtTkFlI0gRxEP1pDJEKGKcvuxPDlqh+ZL0w0Xmu2a8+gQIdTmN15vRj8geHr/cU58tZVig==
  dependencies:
    core-js "^3.6.5"
    vue "^3.0.0-beta.1"
    vue-class-component "^7.2.3"
    vue-property-decorator "^8.4.2"
